// !$*UTF8*$!
{
	archiveVersion = 1;
	classes = {
	};
	objectVersion = 46;
	objects = {

/* Begin PBXBuildFile section */
		EB0EFA17154E84AF00567DCE /* THHunt+Behavior.m in Sources */ = {isa = PBXBuildFile; fileRef = EB0EFA16154E84AF00567DCE /* THHunt+Behavior.m */; };
		EB0EFA1B154E84FC00567DCE /* THCheckpoint+Behavior.m in Sources */ = {isa = PBXBuildFile; fileRef = EB0EFA1A154E84FC00567DCE /* THCheckpoint+Behavior.m */; };
		EB0EFA1E154EA06E00567DCE /* add-hunt-arrow.png in Resources */ = {isa = PBXBuildFile; fileRef = EB0EFA1C154EA06E00567DCE /* add-hunt-arrow.png */; };
		EB0EFA1F154EA06E00567DCE /* add-hunt-arrow@2x.png in Resources */ = {isa = PBXBuildFile; fileRef = EB0EFA1D154EA06E00567DCE /* add-hunt-arrow@2x.png */; };
		EB6850801532D7B800A8B8B0 /* THCheckpoint.m in Sources */ = {isa = PBXBuildFile; fileRef = EB68507F1532D7B800A8B8B0 /* THCheckpoint.m */; };
		EB6850851533092900A8B8B0 /* NSDate+FormattingAdditions.m in Sources */ = {isa = PBXBuildFile; fileRef = EB6850841533092900A8B8B0 /* NSDate+FormattingAdditions.m */; };
		EB68508915331A1100A8B8B0 /* THCheckpointViewController.m in Sources */ = {isa = PBXBuildFile; fileRef = EB68508815331A1100A8B8B0 /* THCheckpointViewController.m */; };
		EB7CE84A15338D5100D5D77C /* gamma_gray_186_pixel.jpg in Resources */ = {isa = PBXBuildFile; fileRef = EB7CE84915338D5100D5D77C /* gamma_gray_186_pixel.jpg */; };
		EB7CE84E1534C3A300D5D77C /* UIImage+Scale.m in Sources */ = {isa = PBXBuildFile; fileRef = EB7CE84D1534C3A300D5D77C /* UIImage+Scale.m */; };
		EB7CE8541534E33700D5D77C /* THCheckpointCell.m in Sources */ = {isa = PBXBuildFile; fileRef = EB7CE8531534E33700D5D77C /* THCheckpointCell.m */; };
		EB7CE8551534F51900D5D77C /* THCheckpointCell.m in Sources */ = {isa = PBXBuildFile; fileRef = EB7CE8531534E33700D5D77C /* THCheckpointCell.m */; };
		EB7CE85715361A4000D5D77C /* hunt-bg@2x.png in Resources */ = {isa = PBXBuildFile; fileRef = EB7CE85615361A4000D5D77C /* hunt-bg@2x.png */; };
		EB7CE85915361AF500D5D77C /* hunt-bg.png in Resources */ = {isa = PBXBuildFile; fileRef = EB7CE85815361AF500D5D77C /* hunt-bg.png */; };
		EB7CE85C15375BFC00D5D77C /* THUtils.m in Sources */ = {isa = PBXBuildFile; fileRef = EB7CE85B15375BFC00D5D77C /* THUtils.m */; };
		EB80424B1542AC5D00863A9A /* THHunt+OrderedCheckpoints.m in Sources */ = {isa = PBXBuildFile; fileRef = EB80424A1542AC5C00863A9A /* THHunt+OrderedCheckpoints.m */; };
		EB8042501544047D00863A9A /* trail-goal-icon.png in Resources */ = {isa = PBXBuildFile; fileRef = EB80424C1544047D00863A9A /* trail-goal-icon.png */; };
		EB8042511544047D00863A9A /* trail-goal-icon@2x.png in Resources */ = {isa = PBXBuildFile; fileRef = EB80424D1544047D00863A9A /* trail-goal-icon@2x.png */; };
		EB8042521544047D00863A9A /* trail-start-icon.png in Resources */ = {isa = PBXBuildFile; fileRef = EB80424E1544047D00863A9A /* trail-start-icon.png */; };
		EB8042531544047D00863A9A /* trail-start-icon@2x.png in Resources */ = {isa = PBXBuildFile; fileRef = EB80424F1544047D00863A9A /* trail-start-icon@2x.png */; };
		EB80425615440DB300863A9A /* UIView+Additions.m in Sources */ = {isa = PBXBuildFile; fileRef = EB80425515440DB300863A9A /* UIView+Additions.m */; };
		EB8042591544307800863A9A /* UIImage+ProportionalFill.m in Sources */ = {isa = PBXBuildFile; fileRef = EB8042581544307800863A9A /* UIImage+ProportionalFill.m */; };
		EB80425D1544403100863A9A /* THPDFGenerator.m in Sources */ = {isa = PBXBuildFile; fileRef = EB80425C1544403100863A9A /* THPDFGenerator.m */; };
		EB80426015448EAC00863A9A /* THPDFViewController.m in Sources */ = {isa = PBXBuildFile; fileRef = EB80425F15448EAB00863A9A /* THPDFViewController.m */; };
		EB8042D21546050E00863A9A /* huntpdf-bg-a4.png in Resources */ = {isa = PBXBuildFile; fileRef = EB8042D11546050E00863A9A /* huntpdf-bg-a4.png */; };
		EB8042D715487C5100863A9A /* THSparePartsViewController.m in Sources */ = {isa = PBXBuildFile; fileRef = EB8042D615487C5100863A9A /* THSparePartsViewController.m */; };
		EBAB81E91537910F00DFC232 /* THHuntBackgroundViewController.m in Sources */ = {isa = PBXBuildFile; fileRef = EBAB81E71537910F00DFC232 /* THHuntBackgroundViewController.m */; };
		EBAB81EA1537910F00DFC232 /* THHuntBackgroundView.xib in Resources */ = {isa = PBXBuildFile; fileRef = EBAB81E81537910F00DFC232 /* THHuntBackgroundView.xib */; };
		EBAB81ED15398D3400DFC232 /* trail-point-icon.png in Resources */ = {isa = PBXBuildFile; fileRef = EBAB81EB15398D3400DFC232 /* trail-point-icon.png */; };
		EBAB81EE15398D3400DFC232 /* trail-point-icon@2x.png in Resources */ = {isa = PBXBuildFile; fileRef = EBAB81EC15398D3400DFC232 /* trail-point-icon@2x.png */; };
		EBAB81F115399AD300DFC232 /* trail-point-missing-icon.png in Resources */ = {isa = PBXBuildFile; fileRef = EBAB81EF15399AD200DFC232 /* trail-point-missing-icon.png */; };
		EBAB81F215399AD300DFC232 /* trail-point-missing-icon@2x.png in Resources */ = {isa = PBXBuildFile; fileRef = EBAB81F015399AD200DFC232 /* trail-point-missing-icon@2x.png */; };
		EBAB81F41539F9B100DFC232 /* THStoryboard.storyboard in Resources */ = {isa = PBXBuildFile; fileRef = EBAB81F31539F9B100DFC232 /* THStoryboard.storyboard */; };
		EBE2ED4A1532D6C800808CC5 /* THHunt.m in Sources */ = {isa = PBXBuildFile; fileRef = EBE2ED491532D6C800808CC5 /* THHunt.m */; };
		EBE8D4671531859A003EF33F /* UIKit.framework in Frameworks */ = {isa = PBXBuildFile; fileRef = EBE8D4661531859A003EF33F /* UIKit.framework */; };
		EBE8D4691531859A003EF33F /* Foundation.framework in Frameworks */ = {isa = PBXBuildFile; fileRef = EBE8D4681531859A003EF33F /* Foundation.framework */; };
		EBE8D46B1531859A003EF33F /* CoreGraphics.framework in Frameworks */ = {isa = PBXBuildFile; fileRef = EBE8D46A1531859A003EF33F /* CoreGraphics.framework */; };
		EBE8D46D1531859A003EF33F /* CoreData.framework in Frameworks */ = {isa = PBXBuildFile; fileRef = EBE8D46C1531859A003EF33F /* CoreData.framework */; };
		EBE8D4731531859A003EF33F /* InfoPlist.strings in Resources */ = {isa = PBXBuildFile; fileRef = EBE8D4711531859A003EF33F /* InfoPlist.strings */; };
		EBE8D4751531859A003EF33F /* main.m in Sources */ = {isa = PBXBuildFile; fileRef = EBE8D4741531859A003EF33F /* main.m */; };
		EBE8D4791531859A003EF33F /* THAppDelegate.m in Sources */ = {isa = PBXBuildFile; fileRef = EBE8D4781531859A003EF33F /* THAppDelegate.m */; };
		EBE8D47F1531859A003EF33F /* treasure.xcdatamodeld in Sources */ = {isa = PBXBuildFile; fileRef = EBE8D47D1531859A003EF33F /* treasure.xcdatamodeld */; };
		EBE8D4821531859A003EF33F /* THHuntsViewController.m in Sources */ = {isa = PBXBuildFile; fileRef = EBE8D4811531859A003EF33F /* THHuntsViewController.m */; };
		EBE8D4851531859A003EF33F /* THHuntViewController.m in Sources */ = {isa = PBXBuildFile; fileRef = EBE8D4841531859A003EF33F /* THHuntViewController.m */; };
		EBE8D48D1531859A003EF33F /* SenTestingKit.framework in Frameworks */ = {isa = PBXBuildFile; fileRef = EBE8D48C1531859A003EF33F /* SenTestingKit.framework */; };
		EBE8D48E1531859A003EF33F /* UIKit.framework in Frameworks */ = {isa = PBXBuildFile; fileRef = EBE8D4661531859A003EF33F /* UIKit.framework */; };
		EBE8D48F1531859A003EF33F /* Foundation.framework in Frameworks */ = {isa = PBXBuildFile; fileRef = EBE8D4681531859A003EF33F /* Foundation.framework */; };
		EBE8D4901531859A003EF33F /* CoreData.framework in Frameworks */ = {isa = PBXBuildFile; fileRef = EBE8D46C1531859A003EF33F /* CoreData.framework */; };
		EBE8D4981531859A003EF33F /* InfoPlist.strings in Resources */ = {isa = PBXBuildFile; fileRef = EBE8D4961531859A003EF33F /* InfoPlist.strings */; };
		EBE8D49B1531859A003EF33F /* treasureTests.m in Sources */ = {isa = PBXBuildFile; fileRef = EBE8D49A1531859A003EF33F /* treasureTests.m */; };
		EBEDCE1015377DD5005F3613 /* map-trail.png in Resources */ = {isa = PBXBuildFile; fileRef = EBEDCE0E15377DD5005F3613 /* map-trail.png */; };
		EBEDCE1115377DD5005F3613 /* map-trail@2x.png in Resources */ = {isa = PBXBuildFile; fileRef = EBEDCE0F15377DD5005F3613 /* map-trail@2x.png */; };
/* End PBXBuildFile section */

/* Begin PBXContainerItemProxy section */
		EBE8D4911531859A003EF33F /* PBXContainerItemProxy */ = {
			isa = PBXContainerItemProxy;
			containerPortal = EBE8D4591531859A003EF33F /* Project object */;
			proxyType = 1;
			remoteGlobalIDString = EBE8D4611531859A003EF33F;
			remoteInfo = treasure;
		};
/* End PBXContainerItemProxy section */

/* Begin PBXFileReference section */
		EB0EFA15154E84AF00567DCE /* THHunt+Behavior.h */ = {isa = PBXFileReference; fileEncoding = 4; lastKnownFileType = sourcecode.c.h; path = "THHunt+Behavior.h"; sourceTree = "<group>"; };
		EB0EFA16154E84AF00567DCE /* THHunt+Behavior.m */ = {isa = PBXFileReference; fileEncoding = 4; lastKnownFileType = sourcecode.c.objc; path = "THHunt+Behavior.m"; sourceTree = "<group>"; };
		EB0EFA19154E84FC00567DCE /* THCheckpoint+Behavior.h */ = {isa = PBXFileReference; fileEncoding = 4; lastKnownFileType = sourcecode.c.h; path = "THCheckpoint+Behavior.h"; sourceTree = "<group>"; };
		EB0EFA1A154E84FC00567DCE /* THCheckpoint+Behavior.m */ = {isa = PBXFileReference; fileEncoding = 4; lastKnownFileType = sourcecode.c.objc; path = "THCheckpoint+Behavior.m"; sourceTree = "<group>"; };
		EB0EFA1C154EA06E00567DCE /* add-hunt-arrow.png */ = {isa = PBXFileReference; lastKnownFileType = image.png; path = "add-hunt-arrow.png"; sourceTree = "<group>"; };
		EB0EFA1D154EA06E00567DCE /* add-hunt-arrow@2x.png */ = {isa = PBXFileReference; lastKnownFileType = image.png; path = "add-hunt-arrow@2x.png"; sourceTree = "<group>"; };
		EB68507E1532D7B800A8B8B0 /* THCheckpoint.h */ = {isa = PBXFileReference; fileEncoding = 4; lastKnownFileType = sourcecode.c.h; path = THCheckpoint.h; sourceTree = "<group>"; };
		EB68507F1532D7B800A8B8B0 /* THCheckpoint.m */ = {isa = PBXFileReference; fileEncoding = 4; lastKnownFileType = sourcecode.c.objc; path = THCheckpoint.m; sourceTree = "<group>"; };
		EB6850831533092900A8B8B0 /* NSDate+FormattingAdditions.h */ = {isa = PBXFileReference; fileEncoding = 4; lastKnownFileType = sourcecode.c.h; path = "NSDate+FormattingAdditions.h"; sourceTree = "<group>"; };
		EB6850841533092900A8B8B0 /* NSDate+FormattingAdditions.m */ = {isa = PBXFileReference; fileEncoding = 4; lastKnownFileType = sourcecode.c.objc; path = "NSDate+FormattingAdditions.m"; sourceTree = "<group>"; };
		EB68508715331A1100A8B8B0 /* THCheckpointViewController.h */ = {isa = PBXFileReference; fileEncoding = 4; lastKnownFileType = sourcecode.c.h; path = THCheckpointViewController.h; sourceTree = "<group>"; };
		EB68508815331A1100A8B8B0 /* THCheckpointViewController.m */ = {isa = PBXFileReference; fileEncoding = 4; lastKnownFileType = sourcecode.c.objc; path = THCheckpointViewController.m; sourceTree = "<group>"; };
		EB7CE84915338D5100D5D77C /* gamma_gray_186_pixel.jpg */ = {isa = PBXFileReference; lastKnownFileType = image.jpeg; path = gamma_gray_186_pixel.jpg; sourceTree = "<group>"; };
		EB7CE84C1534C3A300D5D77C /* UIImage+Scale.h */ = {isa = PBXFileReference; fileEncoding = 4; lastKnownFileType = sourcecode.c.h; name = "UIImage+Scale.h"; path = "../Utils/UIImage+Scale.h"; sourceTree = "<group>"; };
		EB7CE84D1534C3A300D5D77C /* UIImage+Scale.m */ = {isa = PBXFileReference; fileEncoding = 4; lastKnownFileType = sourcecode.c.objc; name = "UIImage+Scale.m"; path = "../Utils/UIImage+Scale.m"; sourceTree = "<group>"; };
		EB7CE8521534E33700D5D77C /* THCheckpointCell.h */ = {isa = PBXFileReference; fileEncoding = 4; lastKnownFileType = sourcecode.c.h; path = THCheckpointCell.h; sourceTree = "<group>"; };
		EB7CE8531534E33700D5D77C /* THCheckpointCell.m */ = {isa = PBXFileReference; fileEncoding = 4; lastKnownFileType = sourcecode.c.objc; path = THCheckpointCell.m; sourceTree = "<group>"; };
		EB7CE85615361A4000D5D77C /* hunt-bg@2x.png */ = {isa = PBXFileReference; lastKnownFileType = image.png; path = "hunt-bg@2x.png"; sourceTree = "<group>"; };
		EB7CE85815361AF500D5D77C /* hunt-bg.png */ = {isa = PBXFileReference; lastKnownFileType = image.png; path = "hunt-bg.png"; sourceTree = "<group>"; };
		EB7CE85A15375BFC00D5D77C /* THUtils.h */ = {isa = PBXFileReference; fileEncoding = 4; lastKnownFileType = sourcecode.c.h; path = THUtils.h; sourceTree = "<group>"; };
		EB7CE85B15375BFC00D5D77C /* THUtils.m */ = {isa = PBXFileReference; fileEncoding = 4; lastKnownFileType = sourcecode.c.objc; path = THUtils.m; sourceTree = "<group>"; };
		EB8042491542AC5C00863A9A /* THHunt+OrderedCheckpoints.h */ = {isa = PBXFileReference; fileEncoding = 4; lastKnownFileType = sourcecode.c.h; path = "THHunt+OrderedCheckpoints.h"; sourceTree = "<group>"; };
		EB80424A1542AC5C00863A9A /* THHunt+OrderedCheckpoints.m */ = {isa = PBXFileReference; fileEncoding = 4; lastKnownFileType = sourcecode.c.objc; path = "THHunt+OrderedCheckpoints.m"; sourceTree = "<group>"; };
		EB80424C1544047D00863A9A /* trail-goal-icon.png */ = {isa = PBXFileReference; lastKnownFileType = image.png; path = "trail-goal-icon.png"; sourceTree = "<group>"; };
		EB80424D1544047D00863A9A /* trail-goal-icon@2x.png */ = {isa = PBXFileReference; lastKnownFileType = image.png; path = "trail-goal-icon@2x.png"; sourceTree = "<group>"; };
		EB80424E1544047D00863A9A /* trail-start-icon.png */ = {isa = PBXFileReference; lastKnownFileType = image.png; path = "trail-start-icon.png"; sourceTree = "<group>"; };
		EB80424F1544047D00863A9A /* trail-start-icon@2x.png */ = {isa = PBXFileReference; lastKnownFileType = image.png; path = "trail-start-icon@2x.png"; sourceTree = "<group>"; };
		EB80425415440DB300863A9A /* UIView+Additions.h */ = {isa = PBXFileReference; fileEncoding = 4; lastKnownFileType = sourcecode.c.h; path = "UIView+Additions.h"; sourceTree = "<group>"; };
		EB80425515440DB300863A9A /* UIView+Additions.m */ = {isa = PBXFileReference; fileEncoding = 4; lastKnownFileType = sourcecode.c.objc; path = "UIView+Additions.m"; sourceTree = "<group>"; };
		EB8042571544307800863A9A /* UIImage+ProportionalFill.h */ = {isa = PBXFileReference; fileEncoding = 4; lastKnownFileType = sourcecode.c.h; path = "UIImage+ProportionalFill.h"; sourceTree = "<group>"; };
		EB8042581544307800863A9A /* UIImage+ProportionalFill.m */ = {isa = PBXFileReference; fileEncoding = 4; lastKnownFileType = sourcecode.c.objc; path = "UIImage+ProportionalFill.m"; sourceTree = "<group>"; };
		EB80425B1544403100863A9A /* THPDFGenerator.h */ = {isa = PBXFileReference; fileEncoding = 4; lastKnownFileType = sourcecode.c.h; path = THPDFGenerator.h; sourceTree = "<group>"; };
		EB80425C1544403100863A9A /* THPDFGenerator.m */ = {isa = PBXFileReference; fileEncoding = 4; lastKnownFileType = sourcecode.c.objc; path = THPDFGenerator.m; sourceTree = "<group>"; };
		EB80425E15448EAB00863A9A /* THPDFViewController.h */ = {isa = PBXFileReference; fileEncoding = 4; lastKnownFileType = sourcecode.c.h; path = THPDFViewController.h; sourceTree = "<group>"; };
		EB80425F15448EAB00863A9A /* THPDFViewController.m */ = {isa = PBXFileReference; fileEncoding = 4; lastKnownFileType = sourcecode.c.objc; path = THPDFViewController.m; sourceTree = "<group>"; };
		EB8042D11546050E00863A9A /* huntpdf-bg-a4.png */ = {isa = PBXFileReference; lastKnownFileType = image.png; path = "huntpdf-bg-a4.png"; sourceTree = "<group>"; };
		EB8042D515487C5100863A9A /* THSparePartsViewController.h */ = {isa = PBXFileReference; fileEncoding = 4; lastKnownFileType = sourcecode.c.h; path = THSparePartsViewController.h; sourceTree = "<group>"; };
		EB8042D615487C5100863A9A /* THSparePartsViewController.m */ = {isa = PBXFileReference; fileEncoding = 4; lastKnownFileType = sourcecode.c.objc; path = THSparePartsViewController.m; sourceTree = "<group>"; };
		EBAB81E61537910F00DFC232 /* THHuntBackgroundViewController.h */ = {isa = PBXFileReference; fileEncoding = 4; lastKnownFileType = sourcecode.c.h; name = THHuntBackgroundViewController.h; path = ../UI/THHuntBackgroundViewController.h; sourceTree = "<group>"; };
		EBAB81E71537910F00DFC232 /* THHuntBackgroundViewController.m */ = {isa = PBXFileReference; fileEncoding = 4; lastKnownFileType = sourcecode.c.objc; name = THHuntBackgroundViewController.m; path = ../UI/THHuntBackgroundViewController.m; sourceTree = "<group>"; };
		EBAB81E81537910F00DFC232 /* THHuntBackgroundView.xib */ = {isa = PBXFileReference; fileEncoding = 4; lastKnownFileType = file.xib; path = THHuntBackgroundView.xib; sourceTree = "<group>"; };
		EBAB81EB15398D3400DFC232 /* trail-point-icon.png */ = {isa = PBXFileReference; lastKnownFileType = image.png; path = "trail-point-icon.png"; sourceTree = "<group>"; };
		EBAB81EC15398D3400DFC232 /* trail-point-icon@2x.png */ = {isa = PBXFileReference; lastKnownFileType = image.png; path = "trail-point-icon@2x.png"; sourceTree = "<group>"; };
		EBAB81EF15399AD200DFC232 /* trail-point-missing-icon.png */ = {isa = PBXFileReference; lastKnownFileType = image.png; path = "trail-point-missing-icon.png"; sourceTree = "<group>"; };
		EBAB81F015399AD200DFC232 /* trail-point-missing-icon@2x.png */ = {isa = PBXFileReference; lastKnownFileType = image.png; path = "trail-point-missing-icon@2x.png"; sourceTree = "<group>"; };
		EBAB81F31539F9B100DFC232 /* THStoryboard.storyboard */ = {isa = PBXFileReference; fileEncoding = 4; lastKnownFileType = file.storyboard; name = THStoryboard.storyboard; path = UI/THStoryboard.storyboard; sourceTree = "<group>"; };
		EBE2ED481532D6C800808CC5 /* THHunt.h */ = {isa = PBXFileReference; fileEncoding = 4; lastKnownFileType = sourcecode.c.h; path = THHunt.h; sourceTree = "<group>"; };
		EBE2ED491532D6C800808CC5 /* THHunt.m */ = {isa = PBXFileReference; fileEncoding = 4; lastKnownFileType = sourcecode.c.objc; path = THHunt.m; sourceTree = "<group>"; };
		EBE8D4621531859A003EF33F /* treasure.app */ = {isa = PBXFileReference; explicitFileType = wrapper.application; includeInIndex = 0; path = treasure.app; sourceTree = BUILT_PRODUCTS_DIR; };
		EBE8D4661531859A003EF33F /* UIKit.framework */ = {isa = PBXFileReference; lastKnownFileType = wrapper.framework; name = UIKit.framework; path = System/Library/Frameworks/UIKit.framework; sourceTree = SDKROOT; };
		EBE8D4681531859A003EF33F /* Foundation.framework */ = {isa = PBXFileReference; lastKnownFileType = wrapper.framework; name = Foundation.framework; path = System/Library/Frameworks/Foundation.framework; sourceTree = SDKROOT; };
		EBE8D46A1531859A003EF33F /* CoreGraphics.framework */ = {isa = PBXFileReference; lastKnownFileType = wrapper.framework; name = CoreGraphics.framework; path = System/Library/Frameworks/CoreGraphics.framework; sourceTree = SDKROOT; };
		EBE8D46C1531859A003EF33F /* CoreData.framework */ = {isa = PBXFileReference; lastKnownFileType = wrapper.framework; name = CoreData.framework; path = System/Library/Frameworks/CoreData.framework; sourceTree = SDKROOT; };
		EBE8D4701531859A003EF33F /* treasure-Info.plist */ = {isa = PBXFileReference; lastKnownFileType = text.plist.xml; path = "treasure-Info.plist"; sourceTree = "<group>"; };
		EBE8D4721531859A003EF33F /* en */ = {isa = PBXFileReference; lastKnownFileType = text.plist.strings; name = en; path = en.lproj/InfoPlist.strings; sourceTree = "<group>"; };
		EBE8D4741531859A003EF33F /* main.m */ = {isa = PBXFileReference; lastKnownFileType = sourcecode.c.objc; path = main.m; sourceTree = "<group>"; };
		EBE8D4761531859A003EF33F /* treasure-Prefix.pch */ = {isa = PBXFileReference; lastKnownFileType = sourcecode.c.h; path = "treasure-Prefix.pch"; sourceTree = "<group>"; };
		EBE8D4771531859A003EF33F /* THAppDelegate.h */ = {isa = PBXFileReference; lastKnownFileType = sourcecode.c.h; path = THAppDelegate.h; sourceTree = "<group>"; };
		EBE8D4781531859A003EF33F /* THAppDelegate.m */ = {isa = PBXFileReference; lastKnownFileType = sourcecode.c.objc; path = THAppDelegate.m; sourceTree = "<group>"; };
		EBE8D47E1531859A003EF33F /* treasure.xcdatamodel */ = {isa = PBXFileReference; lastKnownFileType = wrapper.xcdatamodel; path = treasure.xcdatamodel; sourceTree = "<group>"; };
		EBE8D4801531859A003EF33F /* THHuntsViewController.h */ = {isa = PBXFileReference; lastKnownFileType = sourcecode.c.h; path = THHuntsViewController.h; sourceTree = "<group>"; };
		EBE8D4811531859A003EF33F /* THHuntsViewController.m */ = {isa = PBXFileReference; lastKnownFileType = sourcecode.c.objc; path = THHuntsViewController.m; sourceTree = "<group>"; };
		EBE8D4831531859A003EF33F /* THHuntViewController.h */ = {isa = PBXFileReference; lastKnownFileType = sourcecode.c.h; path = THHuntViewController.h; sourceTree = "<group>"; };
		EBE8D4841531859A003EF33F /* THHuntViewController.m */ = {isa = PBXFileReference; lastKnownFileType = sourcecode.c.objc; path = THHuntViewController.m; sourceTree = "<group>"; };
		EBE8D48B1531859A003EF33F /* treasureTests.octest */ = {isa = PBXFileReference; explicitFileType = wrapper.cfbundle; includeInIndex = 0; path = treasureTests.octest; sourceTree = BUILT_PRODUCTS_DIR; };
		EBE8D48C1531859A003EF33F /* SenTestingKit.framework */ = {isa = PBXFileReference; lastKnownFileType = wrapper.framework; name = SenTestingKit.framework; path = Library/Frameworks/SenTestingKit.framework; sourceTree = DEVELOPER_DIR; };
		EBE8D4951531859A003EF33F /* treasureTests-Info.plist */ = {isa = PBXFileReference; lastKnownFileType = text.plist.xml; path = "treasureTests-Info.plist"; sourceTree = "<group>"; };
		EBE8D4971531859A003EF33F /* en */ = {isa = PBXFileReference; lastKnownFileType = text.plist.strings; name = en; path = en.lproj/InfoPlist.strings; sourceTree = "<group>"; };
		EBE8D4991531859A003EF33F /* treasureTests.h */ = {isa = PBXFileReference; lastKnownFileType = sourcecode.c.h; path = treasureTests.h; sourceTree = "<group>"; };
		EBE8D49A1531859A003EF33F /* treasureTests.m */ = {isa = PBXFileReference; lastKnownFileType = sourcecode.c.objc; path = treasureTests.m; sourceTree = "<group>"; };
		EBEDCE0E15377DD5005F3613 /* map-trail.png */ = {isa = PBXFileReference; lastKnownFileType = image.png; path = "map-trail.png"; sourceTree = "<group>"; };
		EBEDCE0F15377DD5005F3613 /* map-trail@2x.png */ = {isa = PBXFileReference; lastKnownFileType = image.png; path = "map-trail@2x.png"; sourceTree = "<group>"; };
/* End PBXFileReference section */

/* Begin PBXFrameworksBuildPhase section */
		EBE8D45F1531859A003EF33F /* Frameworks */ = {
			isa = PBXFrameworksBuildPhase;
			buildActionMask = 2147483647;
			files = (
				EBE8D4671531859A003EF33F /* UIKit.framework in Frameworks */,
				EBE8D4691531859A003EF33F /* Foundation.framework in Frameworks */,
				EBE8D46B1531859A003EF33F /* CoreGraphics.framework in Frameworks */,
				EBE8D46D1531859A003EF33F /* CoreData.framework in Frameworks */,
			);
			runOnlyForDeploymentPostprocessing = 0;
		};
		EBE8D4871531859A003EF33F /* Frameworks */ = {
			isa = PBXFrameworksBuildPhase;
			buildActionMask = 2147483647;
			files = (
				EBE8D48D1531859A003EF33F /* SenTestingKit.framework in Frameworks */,
				EBE8D48E1531859A003EF33F /* UIKit.framework in Frameworks */,
				EBE8D48F1531859A003EF33F /* Foundation.framework in Frameworks */,
				EBE8D4901531859A003EF33F /* CoreData.framework in Frameworks */,
			);
			runOnlyForDeploymentPostprocessing = 0;
		};
/* End PBXFrameworksBuildPhase section */

/* Begin PBXGroup section */
		EB685082153301EC00A8B8B0 /* Controllers */ = {
			isa = PBXGroup;
			children = (
				EBE8D4801531859A003EF33F /* THHuntsViewController.h */,
				EBE8D4811531859A003EF33F /* THHuntsViewController.m */,
				EBE8D4831531859A003EF33F /* THHuntViewController.h */,
				EBE8D4841531859A003EF33F /* THHuntViewController.m */,
				EB68508715331A1100A8B8B0 /* THCheckpointViewController.h */,
				EB68508815331A1100A8B8B0 /* THCheckpointViewController.m */,
				EBAB81E61537910F00DFC232 /* THHuntBackgroundViewController.h */,
				EBAB81E71537910F00DFC232 /* THHuntBackgroundViewController.m */,
				EB80425E15448EAB00863A9A /* THPDFViewController.h */,
				EB80425F15448EAB00863A9A /* THPDFViewController.m */,
				EB8042D515487C5100863A9A /* THSparePartsViewController.h */,
				EB8042D615487C5100863A9A /* THSparePartsViewController.m */,
			);
			path = Controllers;
			sourceTree = "<group>";
		};
		EB6850861533093300A8B8B0 /* Utils */ = {
			isa = PBXGroup;
			children = (
				EB6850831533092900A8B8B0 /* NSDate+FormattingAdditions.h */,
				EB6850841533092900A8B8B0 /* NSDate+FormattingAdditions.m */,
				EB7CE85A15375BFC00D5D77C /* THUtils.h */,
				EB7CE85B15375BFC00D5D77C /* THUtils.m */,
			);
			path = Utils;
			sourceTree = "<group>";
		};
		EB80425A15443D5B00863A9A /* Ouput */ = {
			isa = PBXGroup;
			children = (
				EB80425B1544403100863A9A /* THPDFGenerator.h */,
				EB80425C1544403100863A9A /* THPDFGenerator.m */,
			);
			name = Ouput;
			path = Output;
			sourceTree = "<group>";
		};
		EBE2ED351531CD7600808CC5 /* images */ = {
			isa = PBXGroup;
			children = (
				EB0EFA1C154EA06E00567DCE /* add-hunt-arrow.png */,
				EB0EFA1D154EA06E00567DCE /* add-hunt-arrow@2x.png */,
				EBAB81EB15398D3400DFC232 /* trail-point-icon.png */,
				EBAB81EC15398D3400DFC232 /* trail-point-icon@2x.png */,
				EB80424C1544047D00863A9A /* trail-goal-icon.png */,
				EB80424D1544047D00863A9A /* trail-goal-icon@2x.png */,
				EB80424E1544047D00863A9A /* trail-start-icon.png */,
				EB80424F1544047D00863A9A /* trail-start-icon@2x.png */,
				EBAB81EF15399AD200DFC232 /* trail-point-missing-icon.png */,
				EBAB81F015399AD200DFC232 /* trail-point-missing-icon@2x.png */,
				EBEDCE0E15377DD5005F3613 /* map-trail.png */,
				EBEDCE0F15377DD5005F3613 /* map-trail@2x.png */,
				EB7CE85815361AF500D5D77C /* hunt-bg.png */,
				EB7CE85615361A4000D5D77C /* hunt-bg@2x.png */,
				EB7CE84915338D5100D5D77C /* gamma_gray_186_pixel.jpg */,
				EB8042D11546050E00863A9A /* huntpdf-bg-a4.png */,
			);
			path = images;
			sourceTree = "<group>";
		};
		EBE2ED471532D64300808CC5 /* Models */ = {
			isa = PBXGroup;
			children = (
				EB68507E1532D7B800A8B8B0 /* THCheckpoint.h */,
				EB68507F1532D7B800A8B8B0 /* THCheckpoint.m */,
				EB0EFA19154E84FC00567DCE /* THCheckpoint+Behavior.h */,
				EB0EFA1A154E84FC00567DCE /* THCheckpoint+Behavior.m */,
				EBE2ED481532D6C800808CC5 /* THHunt.h */,
				EBE2ED491532D6C800808CC5 /* THHunt.m */,
				EB8042491542AC5C00863A9A /* THHunt+OrderedCheckpoints.h */,
				EB80424A1542AC5C00863A9A /* THHunt+OrderedCheckpoints.m */,
				EB0EFA15154E84AF00567DCE /* THHunt+Behavior.h */,
				EB0EFA16154E84AF00567DCE /* THHunt+Behavior.m */,
			);
			path = Models;
			sourceTree = "<group>";
		};
		EBE8D4571531859A003EF33F = {
			isa = PBXGroup;
			children = (
				EBE8D46E1531859A003EF33F /* treasure */,
				EBE8D4931531859A003EF33F /* treasureTests */,
				EBE8D4651531859A003EF33F /* Frameworks */,
				EBE8D4631531859A003EF33F /* Products */,
			);
			sourceTree = "<group>";
		};
		EBE8D4631531859A003EF33F /* Products */ = {
			isa = PBXGroup;
			children = (
				EBE8D4621531859A003EF33F /* treasure.app */,
				EBE8D48B1531859A003EF33F /* treasureTests.octest */,
			);
			name = Products;
			sourceTree = "<group>";
		};
		EBE8D4651531859A003EF33F /* Frameworks */ = {
			isa = PBXGroup;
			children = (
				EBE8D4661531859A003EF33F /* UIKit.framework */,
				EBE8D4681531859A003EF33F /* Foundation.framework */,
				EBE8D46A1531859A003EF33F /* CoreGraphics.framework */,
				EBE8D46C1531859A003EF33F /* CoreData.framework */,
				EBE8D48C1531859A003EF33F /* SenTestingKit.framework */,
			);
			name = Frameworks;
			sourceTree = "<group>";
		};
		EBE8D46E1531859A003EF33F /* treasure */ = {
			isa = PBXGroup;
			children = (
				EBE8D4771531859A003EF33F /* THAppDelegate.h */,
				EBE8D4781531859A003EF33F /* THAppDelegate.m */,
				EBAB81F31539F9B100DFC232 /* THStoryboard.storyboard */,
				EBE8D47D1531859A003EF33F /* treasure.xcdatamodeld */,
				EBE8D46F1531859A003EF33F /* Supporting Files */,
				EBE8D4A91531A79A003EF33F /* UI */,
				EB685082153301EC00A8B8B0 /* Controllers */,
				EB80425A15443D5B00863A9A /* Ouput */,
				EB6850861533093300A8B8B0 /* Utils */,
				EBE2ED471532D64300808CC5 /* Models */,
			);
			path = treasure;
			sourceTree = "<group>";
		};
		EBE8D46F1531859A003EF33F /* Supporting Files */ = {
			isa = PBXGroup;
			children = (
				EBE8D4701531859A003EF33F /* treasure-Info.plist */,
				EBE8D4711531859A003EF33F /* InfoPlist.strings */,
				EBE8D4741531859A003EF33F /* main.m */,
				EBE8D4761531859A003EF33F /* treasure-Prefix.pch */,
			);
			name = "Supporting Files";
			sourceTree = "<group>";
		};
		EBE8D4931531859A003EF33F /* treasureTests */ = {
			isa = PBXGroup;
			children = (
				EBE8D4941531859A003EF33F /* Supporting Files */,
				EBE8D4991531859A003EF33F /* treasureTests.h */,
				EBE8D49A1531859A003EF33F /* treasureTests.m */,
			);
			path = treasureTests;
			sourceTree = "<group>";
		};
		EBE8D4941531859A003EF33F /* Supporting Files */ = {
			isa = PBXGroup;
			children = (
				EBE8D4951531859A003EF33F /* treasureTests-Info.plist */,
				EBE8D4961531859A003EF33F /* InfoPlist.strings */,
			);
			name = "Supporting Files";
			sourceTree = "<group>";
		};
		EBE8D4A91531A79A003EF33F /* UI */ = {
			isa = PBXGroup;
			children = (
				EBE2ED351531CD7600808CC5 /* images */,
				EB7CE8521534E33700D5D77C /* THCheckpointCell.h */,
				EB7CE8531534E33700D5D77C /* THCheckpointCell.m */,
				EBAB81E81537910F00DFC232 /* THHuntBackgroundView.xib */,
				EB80425415440DB300863A9A /* UIView+Additions.h */,
				EB80425515440DB300863A9A /* UIView+Additions.m */,
				EB7CE84C1534C3A300D5D77C /* UIImage+Scale.h */,
				EB7CE84D1534C3A300D5D77C /* UIImage+Scale.m */,
				EB8042571544307800863A9A /* UIImage+ProportionalFill.h */,
				EB8042581544307800863A9A /* UIImage+ProportionalFill.m */,
			);
			path = UI;
			sourceTree = "<group>";
		};
/* End PBXGroup section */

/* Begin PBXNativeTarget section */
		EBE8D4611531859A003EF33F /* treasure */ = {
			isa = PBXNativeTarget;
			buildConfigurationList = EBE8D49E1531859A003EF33F /* Build configuration list for PBXNativeTarget "treasure" */;
			buildPhases = (
				EBE8D45E1531859A003EF33F /* Sources */,
				EBE8D45F1531859A003EF33F /* Frameworks */,
				EBE8D4601531859A003EF33F /* Resources */,
			);
			buildRules = (
			);
			dependencies = (
			);
			name = treasure;
			productName = treasure;
			productReference = EBE8D4621531859A003EF33F /* treasure.app */;
			productType = "com.apple.product-type.application";
		};
		EBE8D48A1531859A003EF33F /* treasureTests */ = {
			isa = PBXNativeTarget;
			buildConfigurationList = EBE8D4A11531859A003EF33F /* Build configuration list for PBXNativeTarget "treasureTests" */;
			buildPhases = (
				EBE8D4861531859A003EF33F /* Sources */,
				EBE8D4871531859A003EF33F /* Frameworks */,
				EBE8D4881531859A003EF33F /* Resources */,
				EBE8D4891531859A003EF33F /* ShellScript */,
			);
			buildRules = (
			);
			dependencies = (
				EBE8D4921531859A003EF33F /* PBXTargetDependency */,
			);
			name = treasureTests;
			productName = treasureTests;
			productReference = EBE8D48B1531859A003EF33F /* treasureTests.octest */;
			productType = "com.apple.product-type.bundle";
		};
/* End PBXNativeTarget section */

/* Begin PBXProject section */
		EBE8D4591531859A003EF33F /* Project object */ = {
			isa = PBXProject;
			attributes = {
				CLASSPREFIX = TH;
				LastUpgradeCheck = 0430;
				ORGANIZATIONNAME = NA;
			};
			buildConfigurationList = EBE8D45C1531859A003EF33F /* Build configuration list for PBXProject "treasure" */;
			compatibilityVersion = "Xcode 3.2";
			developmentRegion = English;
			hasScannedForEncodings = 0;
			knownRegions = (
				en,
			);
			mainGroup = EBE8D4571531859A003EF33F;
			productRefGroup = EBE8D4631531859A003EF33F /* Products */;
			projectDirPath = "";
			projectRoot = "";
			targets = (
				EBE8D4611531859A003EF33F /* treasure */,
				EBE8D48A1531859A003EF33F /* treasureTests */,
			);
		};
/* End PBXProject section */

/* Begin PBXResourcesBuildPhase section */
		EBE8D4601531859A003EF33F /* Resources */ = {
			isa = PBXResourcesBuildPhase;
			buildActionMask = 2147483647;
			files = (
				EBE8D4731531859A003EF33F /* InfoPlist.strings in Resources */,
				EB7CE84A15338D5100D5D77C /* gamma_gray_186_pixel.jpg in Resources */,
				EB7CE85715361A4000D5D77C /* hunt-bg@2x.png in Resources */,
				EB7CE85915361AF500D5D77C /* hunt-bg.png in Resources */,
				EBEDCE1015377DD5005F3613 /* map-trail.png in Resources */,
				EBEDCE1115377DD5005F3613 /* map-trail@2x.png in Resources */,
				EBAB81EA1537910F00DFC232 /* THHuntBackgroundView.xib in Resources */,
				EBAB81ED15398D3400DFC232 /* trail-point-icon.png in Resources */,
				EBAB81EE15398D3400DFC232 /* trail-point-icon@2x.png in Resources */,
				EBAB81F115399AD300DFC232 /* trail-point-missing-icon.png in Resources */,
				EBAB81F215399AD300DFC232 /* trail-point-missing-icon@2x.png in Resources */,
				EBAB81F41539F9B100DFC232 /* THStoryboard.storyboard in Resources */,
				EB8042501544047D00863A9A /* trail-goal-icon.png in Resources */,
				EB8042511544047D00863A9A /* trail-goal-icon@2x.png in Resources */,
				EB8042521544047D00863A9A /* trail-start-icon.png in Resources */,
				EB8042531544047D00863A9A /* trail-start-icon@2x.png in Resources */,
				EB8042D21546050E00863A9A /* huntpdf-bg-a4.png in Resources */,
				EB0EFA1E154EA06E00567DCE /* add-hunt-arrow.png in Resources */,
				EB0EFA1F154EA06E00567DCE /* add-hunt-arrow@2x.png in Resources */,
			);
			runOnlyForDeploymentPostprocessing = 0;
		};
		EBE8D4881531859A003EF33F /* Resources */ = {
			isa = PBXResourcesBuildPhase;
			buildActionMask = 2147483647;
			files = (
				EBE8D4981531859A003EF33F /* InfoPlist.strings in Resources */,
			);
			runOnlyForDeploymentPostprocessing = 0;
		};
/* End PBXResourcesBuildPhase section */

/* Begin PBXShellScriptBuildPhase section */
		EBE8D4891531859A003EF33F /* ShellScript */ = {
			isa = PBXShellScriptBuildPhase;
			buildActionMask = 2147483647;
			files = (
			);
			inputPaths = (
			);
			outputPaths = (
			);
			runOnlyForDeploymentPostprocessing = 0;
			shellPath = /bin/sh;
			shellScript = "# Run the unit tests in this test bundle.\n\"${SYSTEM_DEVELOPER_DIR}/Tools/RunUnitTests\"\n";
		};
/* End PBXShellScriptBuildPhase section */

/* Begin PBXSourcesBuildPhase section */
		EBE8D45E1531859A003EF33F /* Sources */ = {
			isa = PBXSourcesBuildPhase;
			buildActionMask = 2147483647;
			files = (
				EBE8D4751531859A003EF33F /* main.m in Sources */,
				EBE8D4791531859A003EF33F /* THAppDelegate.m in Sources */,
				EBE8D47F1531859A003EF33F /* treasure.xcdatamodeld in Sources */,
				EBE8D4821531859A003EF33F /* THHuntsViewController.m in Sources */,
				EBE8D4851531859A003EF33F /* THHuntViewController.m in Sources */,
				EBE2ED4A1532D6C800808CC5 /* THHunt.m in Sources */,
				EB6850801532D7B800A8B8B0 /* THCheckpoint.m in Sources */,
				EB6850851533092900A8B8B0 /* NSDate+FormattingAdditions.m in Sources */,
				EB68508915331A1100A8B8B0 /* THCheckpointViewController.m in Sources */,
				EB7CE84E1534C3A300D5D77C /* UIImage+Scale.m in Sources */,
				EB7CE8551534F51900D5D77C /* THCheckpointCell.m in Sources */,
				EB7CE85C15375BFC00D5D77C /* THUtils.m in Sources */,
				EBAB81E91537910F00DFC232 /* THHuntBackgroundViewController.m in Sources */,
				EB80424B1542AC5D00863A9A /* THHunt+OrderedCheckpoints.m in Sources */,
				EB80425615440DB300863A9A /* UIView+Additions.m in Sources */,
				EB8042591544307800863A9A /* UIImage+ProportionalFill.m in Sources */,
				EB80425D1544403100863A9A /* THPDFGenerator.m in Sources */,
				EB80426015448EAC00863A9A /* THPDFViewController.m in Sources */,
				EB8042D715487C5100863A9A /* THSparePartsViewController.m in Sources */,
				EB0EFA17154E84AF00567DCE /* THHunt+Behavior.m in Sources */,
				EB0EFA1B154E84FC00567DCE /* THCheckpoint+Behavior.m in Sources */,
			);
			runOnlyForDeploymentPostprocessing = 0;
		};
		EBE8D4861531859A003EF33F /* Sources */ = {
			isa = PBXSourcesBuildPhase;
			buildActionMask = 2147483647;
			files = (
				EBE8D49B1531859A003EF33F /* treasureTests.m in Sources */,
				EB7CE8541534E33700D5D77C /* THCheckpointCell.m in Sources */,
			);
			runOnlyForDeploymentPostprocessing = 0;
		};
/* End PBXSourcesBuildPhase section */

/* Begin PBXTargetDependency section */
		EBE8D4921531859A003EF33F /* PBXTargetDependency */ = {
			isa = PBXTargetDependency;
			target = EBE8D4611531859A003EF33F /* treasure */;
			targetProxy = EBE8D4911531859A003EF33F /* PBXContainerItemProxy */;
		};
/* End PBXTargetDependency section */

/* Begin PBXVariantGroup section */
		EBE8D4711531859A003EF33F /* InfoPlist.strings */ = {
			isa = PBXVariantGroup;
			children = (
				EBE8D4721531859A003EF33F /* en */,
			);
			name = InfoPlist.strings;
			sourceTree = "<group>";
		};
		EBE8D4961531859A003EF33F /* InfoPlist.strings */ = {
			isa = PBXVariantGroup;
			children = (
				EBE8D4971531859A003EF33F /* en */,
			);
			name = InfoPlist.strings;
			sourceTree = "<group>";
		};
/* End PBXVariantGroup section */

/* Begin XCBuildConfiguration section */
		EBE8D49C1531859A003EF33F /* Debug */ = {
			isa = XCBuildConfiguration;
			buildSettings = {
				ALWAYS_SEARCH_USER_PATHS = NO;
				ARCHS = "$(ARCHS_STANDARD_32_BIT)";
				CLANG_ENABLE_OBJC_ARC = YES;
				"CODE_SIGN_IDENTITY[sdk=iphoneos*]" = "iPhone Developer";
				COPY_PHASE_STRIP = NO;
				GCC_C_LANGUAGE_STANDARD = gnu99;
				GCC_DYNAMIC_NO_PIC = NO;
				GCC_OPTIMIZATION_LEVEL = 0;
				GCC_PREPROCESSOR_DEFINITIONS = (
					"DEBUG=1",
					"$(inherited)",
				);
				GCC_SYMBOLS_PRIVATE_EXTERN = NO;
				GCC_VERSION = com.apple.compilers.llvm.clang.1_0;
				GCC_WARN_ABOUT_RETURN_TYPE = YES;
				GCC_WARN_UNINITIALIZED_AUTOS = YES;
				GCC_WARN_UNUSED_VARIABLE = YES;
				IPHONEOS_DEPLOYMENT_TARGET = 5.1;
				SDKROOT = iphoneos;
			};
			name = Debug;
		};
		EBE8D49D1531859A003EF33F /* Release */ = {
			isa = XCBuildConfiguration;
			buildSettings = {
				ALWAYS_SEARCH_USER_PATHS = NO;
				ARCHS = "$(ARCHS_STANDARD_32_BIT)";
				CLANG_ENABLE_OBJC_ARC = YES;
				"CODE_SIGN_IDENTITY[sdk=iphoneos*]" = "iPhone Developer";
				COPY_PHASE_STRIP = YES;
				GCC_C_LANGUAGE_STANDARD = gnu99;
				GCC_VERSION = com.apple.compilers.llvm.clang.1_0;
				GCC_WARN_ABOUT_RETURN_TYPE = YES;
				GCC_WARN_UNINITIALIZED_AUTOS = YES;
				GCC_WARN_UNUSED_VARIABLE = YES;
				IPHONEOS_DEPLOYMENT_TARGET = 5.1;
				OTHER_CFLAGS = "-DNS_BLOCK_ASSERTIONS=1";
				SDKROOT = iphoneos;
				VALIDATE_PRODUCT = YES;
			};
			name = Release;
		};
		EBE8D49F1531859A003EF33F /* Debug */ = {
			isa = XCBuildConfiguration;
			buildSettings = {
				GCC_PRECOMPILE_PREFIX_HEADER = YES;
				GCC_PREFIX_HEADER = "treasure/treasure-Prefix.pch";
				INFOPLIST_FILE = "treasure/treasure-Info.plist";
				IPHONEOS_DEPLOYMENT_TARGET = 5.1;
				PRODUCT_NAME = "$(TARGET_NAME)";
				TARGETED_DEVICE_FAMILY = 1;
				WRAPPER_EXTENSION = app;
			};
			name = Debug;
		};
		EBE8D4A01531859A003EF33F /* Release */ = {
			isa = XCBuildConfiguration;
			buildSettings = {
				GCC_PRECOMPILE_PREFIX_HEADER = YES;
				GCC_PREFIX_HEADER = "treasure/treasure-Prefix.pch";
				INFOPLIST_FILE = "treasure/treasure-Info.plist";
				IPHONEOS_DEPLOYMENT_TARGET = 5.1;
				PRODUCT_NAME = "$(TARGET_NAME)";
				TARGETED_DEVICE_FAMILY = 1;
				WRAPPER_EXTENSION = app;
			};
			name = Release;
		};
		EBE8D4A21531859A003EF33F /* Debug */ = {
			isa = XCBuildConfiguration;
			buildSettings = {
				BUNDLE_LOADER = "$(BUILT_PRODUCTS_DIR)/treasure.app/treasure";
				FRAMEWORK_SEARCH_PATHS = (
					"$(SDKROOT)/Developer/Library/Frameworks",
					"$(DEVELOPER_LIBRARY_DIR)/Frameworks",
				);
				GCC_PRECOMPILE_PREFIX_HEADER = YES;
				GCC_PREFIX_HEADER = "treasure/treasure-Prefix.pch";
				INFOPLIST_FILE = "treasureTests/treasureTests-Info.plist";
				PRODUCT_NAME = "$(TARGET_NAME)";
				TEST_HOST = "$(BUNDLE_LOADER)";
				WRAPPER_EXTENSION = octest;
			};
			name = Debug;
		};
		EBE8D4A31531859A003EF33F /* Release */ = {
			isa = XCBuildConfiguration;
			buildSettings = {
				BUNDLE_LOADER = "$(BUILT_PRODUCTS_DIR)/treasure.app/treasure";
				FRAMEWORK_SEARCH_PATHS = (
					"$(SDKROOT)/Developer/Library/Frameworks",
					"$(DEVELOPER_LIBRARY_DIR)/Frameworks",
				);
				GCC_PRECOMPILE_PREFIX_HEADER = YES;
				GCC_PREFIX_HEADER = "treasure/treasure-Prefix.pch";
				INFOPLIST_FILE = "treasureTests/treasureTests-Info.plist";
				PRODUCT_NAME = "$(TARGET_NAME)";
				TEST_HOST = "$(BUNDLE_LOADER)";
				WRAPPER_EXTENSION = octest;
			};
			name = Release;
		};
/* End XCBuildConfiguration section */

/* Begin XCConfigurationList section */
		EBE8D45C1531859A003EF33F /* Build configuration list for PBXProject "treasure" */ = {
			isa = XCConfigurationList;
			buildConfigurations = (
				EBE8D49C1531859A003EF33F /* Debug */,
				EBE8D49D1531859A003EF33F /* Release */,
			);
			defaultConfigurationIsVisible = 0;
			defaultConfigurationName = Release;
		};
		EBE8D49E1531859A003EF33F /* Build configuration list for PBXNativeTarget "treasure" */ = {
			isa = XCConfigurationList;
			buildConfigurations = (
				EBE8D49F1531859A003EF33F /* Debug */,
				EBE8D4A01531859A003EF33F /* Release */,
			);
			defaultConfigurationIsVisible = 0;
			defaultConfigurationName = Release;
		};
		EBE8D4A11531859A003EF33F /* Build configuration list for PBXNativeTarget "treasureTests" */ = {
			isa = XCConfigurationList;
			buildConfigurations = (
				EBE8D4A21531859A003EF33F /* Debug */,
				EBE8D4A31531859A003EF33F /* Release */,
			);
			defaultConfigurationIsVisible = 0;
			defaultConfigurationName = Release;
		};
/* End XCConfigurationList section */

/* Begin XCVersionGroup section */
		EBE8D47D1531859A003EF33F /* treasure.xcdatamodeld */ = {
			isa = XCVersionGroup;
			children = (
				EBE8D47E1531859A003EF33F /* treasure.xcdatamodel */,
			);
			currentVersion = EBE8D47E1531859A003EF33F /* treasure.xcdatamodel */;
			path = treasure.xcdatamodeld;
			sourceTree = "<group>";
			versionGroupType = wrapper.xcdatamodel;
		};
/* End XCVersionGroup section */
	};
	rootObject = EBE8D4591531859A003EF33F /* Project object */;
}
